
Microsoft Visual Studio Solution File, Format Version 12.00
# Visual Studio 15
VisualStudioVersion = 15.0.27130.2010
MinimumVisualStudioVersion = 10.0.40219.1
Project("{FAE04EC0-301F-11D3-BF4B-00C04F79EFBC}") = "ThesisManager", "ThesisManager\ThesisManager.csproj", "{3FA60196-6D9D-435B-B2B6-6CBFD2924E64}"
EndProject
Global
	GlobalSection(SolutionConfigurationPlatforms) = preSolution
		Debug|Any CPU = Debug|Any CPU
		Release|Any CPU = Release|Any CPU
	EndGlobalSection
	GlobalSection(ProjectConfigurationPlatforms) = postSolution
		{3FA60196-6D9D-435B-B2B6-6CBFD2924E64}.Debug|Any CPU.ActiveCfg = Debug|Any CPU
		{3FA60196-6D9D-435B-B2B6-6CBFD2924E64}.Debug|Any CPU.Build.0 = Debug|Any CPU
		{3FA60196-6D9D-435B-B2B6-6CBFD2924E64}.Release|Any CPU.ActiveCfg = Release|Any CPU
		{3FA60196-6D9D-435B-B2B6-6CBFD2924E64}.Release|Any CPU.Build.0 = Release|Any CPU
	EndGlobalSection
	GlobalSection(SolutionProperties) = preSolution
		HideSolutionNode = FALSE
	EndGlobalSection
	GlobalSection(ExtensibilityGlobals) = postSolution
		SolutionGuid = {149BE6D6-2D6E-4E28-AFCA-60930A85881E}
	EndGlobalSection
EndGlobal
